{
  "name": "wild-west-forum",
  "version": "1.0.0",
  "lockfileVersion": 3,
  "requires": true,
  "packages": {
    "": {
      "name": "wild-west-forum",
      "version": "1.0.0",
      "dependencies": {
        "express": "^4.19.2",
        "express-session": "^1.18.0",
        "hbs": "^4.2.0"
      }
    },
    "node_modules/hbs": {
      "version": "4.2.0",
      "resolved": "https://registry.npmjs.org/hbs/-/hbs-4.2.0.tgz",
      "integrity": "sha512-...",
      "dependencies": {
        "handlebars": "^4.7.7",
        "walk": "^2.3.15"
      }
    },
    "node_modules/handlebars": {
      "version": "4.7.8",
      ...
    }
  }
}